# This file is generated by running "yarn install" inside your project.
# Manual changes might be lost - proceed with caution!

__metadata:
  version: 8
  cacheKey: 10c0

"lodash.set@npm:^4.3.2":
  version: 4.3.2
  resolution: "lodash.set@npm:4.3.2"
  checksum: c641d31905e51df43170dce8a1d11a1cff11356e2e2e75fe2615995408e9687d58c3e1d64c3c284c2df2bc519f79a98af737d2944d382ff82ffd244ff6075c29
  languageName: node
  linkType: hard

"uptag@workspace:.":
  version: 0.0.0-use.local
  resolution: "uptag@workspace:."
  dependencies:
    lodash.set: "npm:^4.3.2"
    yaml: "npm:^2.3.4"
  languageName: unknown
  linkType: soft

"yaml@npm:^2.3.4":
  version: 2.3.4
  resolution: "yaml@npm:2.3.4"
  checksum: cf03b68f8fef5e8516b0f0b54edaf2459f1648317fc6210391cf606d247e678b449382f4bd01f77392538429e306c7cba8ff46ff6b37cac4de9a76aff33bd9e1
  languageName: node
  linkType: hard
